[[tools."aqua:golangci/golangci-lint"]]
version = "2.7.2"
backend = "aqua:golangci/golangci-lint"
"platforms.macos-arm64" = { checksum = "sha256:6ce86a00e22b3709f7b994838659c322fdc9eae09e263db50439ad4f6ec5785c", url = "https://github.com/golangci/golangci-lint/releases/download/v2.7.2/golangci-lint-2.7.2-darwin-arm64.tar.gz"}

[[tools.go]]
version = "1.25.5"
backend = "core:go"
"platforms.macos-arm64" = { checksum = "sha256:bed8ebe824e3d3b27e8471d1307f803fc6ab8e1d0eb7a4ae196979bd9b801dd3", url = "https://dl.google.com/go/go1.25.5.darwin-arm64.tar.gz"}

[[tools."ubi:abhinav/doc2go"]]
version = "0.11.0"
backend = "ubi:abhinav/doc2go"
"platforms.macos-arm64-doc2go" = { checksum = "blake3:5b782fb3c9fb124b6da3a33438febb227bb986af93728f1e7b35e0ae43d7462d"}

[[tools."ubi:abhinav/requiredfield"]]
version = "0.8.0"
backend = "ubi:abhinav/requiredfield"
"platforms.macos-arm64-requiredfield" = { checksum = "blake3:12bcc473cd54cb3d65d272a9066cc7d8f45cfd5ddf6700e71adb1038f7ffcdbd"}

[[tools."ubi:abhinav/stitchmd"]]
version = "0.9.0"
backend = "ubi:abhinav/stitchmd"

[[tools."ubi:miniscruff/changie"]]
version = "1.24.0"
backend = "ubi:miniscruff/changie"
"platforms.macos-arm64-changie" = { checksum = "blake3:1c0f9659a327367bcc9a82ca3feeb610feb1378617fe815c780dc7bdb2a847b3"}
